
Microsoft Visual Studio Solution File, Format Version 12.00
# Visual Studio Version 17
VisualStudioVersion = 17.4.33122.133
MinimumVisualStudioVersion = 10.0.40219.1
Project("{9A19103F-16F7-4668-BE54-9A1E7A4F7556}") = "PropertyManager.API", "PropertyManager.API.csproj", "{2D70B55D-1848-44B8-BACB-9CC47E41A5DD}"
EndProject
Global
	GlobalSection(SolutionConfigurationPlatforms) = preSolution
		Debug|Any CPU = Debug|Any CPU
		Release|Any CPU = Release|Any CPU
	EndGlobalSection
	GlobalSection(ProjectConfigurationPlatforms) = postSolution
		{2D70B55D-1848-44B8-BACB-9CC47E41A5DD}.Debug|Any CPU.ActiveCfg = Debug|Any CPU
		{2D70B55D-1848-44B8-BACB-9CC47E41A5DD}.Debug|Any CPU.Build.0 = Debug|Any CPU
		{2D70B55D-1848-44B8-BACB-9CC47E41A5DD}.Release|Any CPU.ActiveCfg = Release|Any CPU
		{2D70B55D-1848-44B8-BACB-9CC47E41A5DD}.Release|Any CPU.Build.0 = Release|Any CPU
	EndGlobalSection
	GlobalSection(SolutionProperties) = preSolution
		HideSolutionNode = FALSE
	EndGlobalSection
	GlobalSection(ExtensibilityGlobals) = postSolution
		SolutionGuid = {5BCB3C88-915F-4BF6-A83B-9C82D86167F5}
	EndGlobalSection
EndGlobal
